{
  "lockfile_version": "1",
  "packages": {
    "atlas@0.38.0": {
      "last_modified": "2025-11-23T21:50:36Z",
      "resolved": "github:NixOS/nixpkgs/ee09932cedcef15aaf476f9343d1dea2cb77e261#atlas",
      "source": "devbox-search",
      "version": "0.38.0",
      "systems": {
        "aarch64-darwin": {
          "outputs": [
            {
              "name": "out",
              "path": "/nix/store/5hq44dgpxhn894cqa5zyszidi47gvmp2-atlas-0.38.0",
              "default": true
            }
          ],
          "store_path": "/nix/store/5hq44dgpxhn894cqa5zyszidi47gvmp2-atlas-0.38.0"
        },
        "aarch64-linux": {
          "outputs": [
            {
              "name": "out",
              "path": "/nix/store/gy48d6ql359l3l0bbqjwk3ksx5f574lm-atlas-0.38.0",
              "default": true
            }
          ],
          "store_path": "/nix/store/gy48d6ql359l3l0bbqjwk3ksx5f574lm-atlas-0.38.0"
        },
        "x86_64-darwin": {
          "outputs": [
            {
              "name": "out",
              "path": "/nix/store/sg47s0hyz0ga1cy3hnzybrxr9k2dxvhx-atlas-0.38.0",
              "default": true
            }
          ],
          "store_path": "/nix/store/sg47s0hyz0ga1cy3hnzybrxr9k2dxvhx-atlas-0.38.0"
        },
        "x86_64-linux": {
          "outputs": [
            {
              "name": "out",
              "path": "/nix/store/0vsxn7mhh0l1h462r5q0f5n5l4p0q308-atlas-0.38.0",
              "default": true
            }
          ],
          "store_path": "/nix/store/0vsxn7mhh0l1h462r5q0f5n5l4p0q308-atlas-0.38.0"
        }
      }
    },
    "github:NixOS/nixpkgs/nixpkgs-unstable": {
      "last_modified": "2025-12-21T10:48:17Z",
      "resolved": "github:NixOS/nixpkgs/306ea70f9eb0fb4e040f8540e2deab32ed7e2055?lastModified=1766314097"
    },
    "glibcLocales@latest": {
      "last_modified": "2025-11-23T21:50:36Z",
      "resolved": "github:NixOS/nixpkgs/ee09932cedcef15aaf476f9343d1dea2cb77e261#glibcLocales",
      "source": "devbox-search",
      "version": "2.40-66",
      "systems": {
        "aarch64-linux": {
          "outputs": [
            {
              "name": "out",
              "path": "/nix/store/lhf8phvkgmlqr5ys1bgfr4g38b3l95kd-glibc-locales-2.40-66",
              "default": true
            }
          ],
          "store_path": "/nix/store/lhf8phvkgmlqr5ys1bgfr4g38b3l95kd-glibc-locales-2.40-66"
        },
        "x86_64-linux": {
          "outputs": [
            {
              "name": "out",
              "path": "/nix/store/hjlkypp9lpxwzsjycpy7nqg2mnl7qhzv-glibc-locales-2.40-66",
              "default": true
            }
          ],
          "store_path": "/nix/store/hjlkypp9lpxwzsjycpy7nqg2mnl7qhzv-glibc-locales-2.40-66"
        }
      }
    },
    "go@1.25.4": {
      "last_modified": "2025-11-23T21:50:36Z",
      "resolved": "github:NixOS/nixpkgs/ee09932cedcef15aaf476f9343d1dea2cb77e261#go",
      "source": "devbox-search",
      "version": "1.25.4",
      "systems": {
        "aarch64-darwin": {
          "outputs": [
            {
              "name": "out",
              "path": "/nix/store/52f5kjcmgmvgrz3rij676b3rjmgg5l5g-go-1.25.4",
              "default": true
            }
          ],
          "store_path": "/nix/store/52f5kjcmgmvgrz3rij676b3rjmgg5l5g-go-1.25.4"
        },
        "aarch64-linux": {
          "outputs": [
            {
              "name": "out",
              "path": "/nix/store/2ajrlmz1qdpm9k9ankhnp3973wxg1gqs-go-1.25.4",
              "default": true
            }
          ],
          "store_path": "/nix/store/2ajrlmz1qdpm9k9ankhnp3973wxg1gqs-go-1.25.4"
        },
        "x86_64-darwin": {
          "outputs": [
            {
              "name": "out",
              "path": "/nix/store/1rqpvp45rl4sr1l0czrlbmv8jqj9sa7r-go-1.25.4",
              "default": true
            }
          ],
          "store_path": "/nix/store/1rqpvp45rl4sr1l0czrlbmv8jqj9sa7r-go-1.25.4"
        },
        "x86_64-linux": {
          "outputs": [
            {
              "name": "out",
              "path": "/nix/store/0a3dyfq09dnkw28ap2i450wjimvdmv6s-go-1.25.4",
              "default": true
            }
          ],
          "store_path": "/nix/store/0a3dyfq09dnkw28ap2i450wjimvdmv6s-go-1.25.4"
        }
      }
    },
    "mariadb@11.8.3": {
      "last_modified": "2025-11-23T21:50:36Z",
      "plugin_version": "0.0.4",
      "resolved": "github:NixOS/nixpkgs/ee09932cedcef15aaf476f9343d1dea2cb77e261#mariadb_118",
      "source": "devbox-search",
      "version": "11.8.3",
      "systems": {
        "aarch64-darwin": {
          "outputs": [
            {
              "name": "out",
              "path": "/nix/store/ldygz3dmi8clh8ixwysapjj77ryxkvm5-mariadb-server-11.8.3",
              "default": true
            },
            {
              "name": "man",
              "path": "/nix/store/nllg3p6x1nx1kpnbnq7wh9yfq7bw5xcx-mariadb-server-11.8.3-man",
              "default": true
            }
          ],
          "store_path": "/nix/store/ldygz3dmi8clh8ixwysapjj77ryxkvm5-mariadb-server-11.8.3"
        },
        "aarch64-linux": {
          "outputs": [
            {
              "name": "out",
              "path": "/nix/store/hxp950mm8yrhdl7bwvv99wmspz0scy5q-mariadb-server-11.8.3",
              "default": true
            },
            {
              "name": "man",
              "path": "/nix/store/vihd7zpy866fymmjsw26ha2rfbqlpsaf-mariadb-server-11.8.3-man",
              "default": true
            }
          ],
          "store_path": "/nix/store/hxp950mm8yrhdl7bwvv99wmspz0scy5q-mariadb-server-11.8.3"
        },
        "x86_64-darwin": {
          "outputs": [
            {
              "name": "out",
              "path": "/nix/store/v4pcjck5fd20xinlw40xszyc15c50vp1-mariadb-server-11.8.3",
              "default": true
            },
            {
              "name": "man",
              "path": "/nix/store/msc4q20y4p3msb5ha6mjhsk8hg96h2fz-mariadb-server-11.8.3-man",
              "default": true
            }
          ],
          "store_path": "/nix/store/v4pcjck5fd20xinlw40xszyc15c50vp1-mariadb-server-11.8.3"
        },
        "x86_64-linux": {
          "outputs": [
            {
              "name": "out",
              "path": "/nix/store/b8a8k2pixzgw81d0p8y5h5ww4nnn15y7-mariadb-server-11.8.3",
              "default": true
            },
            {
              "name": "man",
              "path": "/nix/store/lkf2px6020zlv0ppynzk1jnbgd8lhf1a-mariadb-server-11.8.3-man",
              "default": true
            }
          ],
          "store_path": "/nix/store/b8a8k2pixzgw81d0p8y5h5ww4nnn15y7-mariadb-server-11.8.3"
        }
      }
    },
    "sqlfluff@3.5.0": {
      "last_modified": "2025-12-11T04:04:52Z",
      "resolved": "github:NixOS/nixpkgs/5d6bdbddb4695a62f0d00a3620b37a15275a5093#sqlfluff",
      "source": "devbox-search",
      "version": "3.5.0",
      "systems": {
        "aarch64-darwin": {
          "outputs": [
            {
              "name": "out",
              "path": "/nix/store/dlrrbkfbllp11qd3ggxpvn8ijwhc88kz-sqlfluff-3.5.0",
              "default": true
            },
            {
              "name": "dist",
              "path": "/nix/store/4jq6pjm9klmx9drc4mbhhi1cgd5wbkyr-sqlfluff-3.5.0-dist"
            }
          ],
          "store_path": "/nix/store/dlrrbkfbllp11qd3ggxpvn8ijwhc88kz-sqlfluff-3.5.0"
        },
        "aarch64-linux": {
          "outputs": [
            {
              "name": "out",
              "path": "/nix/store/lszlfy09z661vwwh94smc3aqdaicg514-sqlfluff-3.5.0",
              "default": true
            },
            {
              "name": "dist",
              "path": "/nix/store/imdf2zxv8iyw0gfj4j1hs9kp1lriq8v7-sqlfluff-3.5.0-dist"
            }
          ],
          "store_path": "/nix/store/lszlfy09z661vwwh94smc3aqdaicg514-sqlfluff-3.5.0"
        },
        "x86_64-darwin": {
          "outputs": [
            {
              "name": "out",
              "path": "/nix/store/sz3lm66ig04fgaai75jka50v02ld4vnv-sqlfluff-3.5.0",
              "default": true
            },
            {
              "name": "dist",
              "path": "/nix/store/i7bmjg6k7r5qb3w4h5djlp0spc3bxsxa-sqlfluff-3.5.0-dist"
            }
          ],
          "store_path": "/nix/store/sz3lm66ig04fgaai75jka50v02ld4vnv-sqlfluff-3.5.0"
        },
        "x86_64-linux": {
          "outputs": [
            {
              "name": "out",
              "path": "/nix/store/5j2diz8af5rahjcsdii95yhkc6wf0fac-sqlfluff-3.5.0",
              "default": true
            },
            {
              "name": "dist",
              "path": "/nix/store/vhc8yj44rk6lfmzns2ii170phjnwzpfm-sqlfluff-3.5.0-dist"
            }
          ],
          "store_path": "/nix/store/5j2diz8af5rahjcsdii95yhkc6wf0fac-sqlfluff-3.5.0"
        }
      }
    }
  }
}
